
Microsoft Visual Studio Solution File, Format Version 12.00
# Visual Studio Version 16
VisualStudioVersion = 16.0.31729.503
MinimumVisualStudioVersion = 10.0.40219.1
Project("{FAE04EC0-301F-11D3-BF4B-00C04F79EFBC}") = "SecondHW", "SecondHW.csproj", "{820D6A6B-4D9F-47E6-B803-2357527C8B6F}"
EndProject
Global
	GlobalSection(SolutionConfigurationPlatforms) = preSolution
		Debug|Any CPU = Debug|Any CPU
		Release|Any CPU = Release|Any CPU
	EndGlobalSection
	GlobalSection(ProjectConfigurationPlatforms) = postSolution
		{820D6A6B-4D9F-47E6-B803-2357527C8B6F}.Debug|Any CPU.ActiveCfg = Debug|Any CPU
		{820D6A6B-4D9F-47E6-B803-2357527C8B6F}.Debug|Any CPU.Build.0 = Debug|Any CPU
		{820D6A6B-4D9F-47E6-B803-2357527C8B6F}.Release|Any CPU.ActiveCfg = Release|Any CPU
		{820D6A6B-4D9F-47E6-B803-2357527C8B6F}.Release|Any CPU.Build.0 = Release|Any CPU
	EndGlobalSection
	GlobalSection(SolutionProperties) = preSolution
		HideSolutionNode = FALSE
	EndGlobalSection
	GlobalSection(ExtensibilityGlobals) = postSolution
		SolutionGuid = {01D86A4B-9B33-4F57-9E04-853C39C889E3}
	EndGlobalSection
EndGlobal
