
Microsoft Visual Studio Solution File, Format Version 12.00
# Visual Studio Version 16
VisualStudioVersion = 16.0.31729.503
MinimumVisualStudioVersion = 10.0.40219.1
Project("{9A19103F-16F7-4668-BE54-9A1E7A4F7556}") = "Part1", "Part1.csproj", "{59EDE3CB-7203-4EB2-8997-14AE597D5C72}"
EndProject
Project("{FAE04EC0-301F-11D3-BF4B-00C04F79EFBC}") = "Part2", "..\Part2\Part2.csproj", "{8E612371-AA56-4EB1-A303-EA15B165E6F3}"
EndProject
Project("{FAE04EC0-301F-11D3-BF4B-00C04F79EFBC}") = "Part3", "..\Part3\Part3.csproj", "{00F82433-0340-4A10-A5F4-A2D93340A254}"
EndProject
Global
	GlobalSection(SolutionConfigurationPlatforms) = preSolution
		Debug|Any CPU = Debug|Any CPU
		Release|Any CPU = Release|Any CPU
	EndGlobalSection
	GlobalSection(ProjectConfigurationPlatforms) = postSolution
		{59EDE3CB-7203-4EB2-8997-14AE597D5C72}.Debug|Any CPU.ActiveCfg = Debug|Any CPU
		{59EDE3CB-7203-4EB2-8997-14AE597D5C72}.Debug|Any CPU.Build.0 = Debug|Any CPU
		{59EDE3CB-7203-4EB2-8997-14AE597D5C72}.Release|Any CPU.ActiveCfg = Release|Any CPU
		{59EDE3CB-7203-4EB2-8997-14AE597D5C72}.Release|Any CPU.Build.0 = Release|Any CPU
		{8E612371-AA56-4EB1-A303-EA15B165E6F3}.Debug|Any CPU.ActiveCfg = Debug|Any CPU
		{8E612371-AA56-4EB1-A303-EA15B165E6F3}.Debug|Any CPU.Build.0 = Debug|Any CPU
		{8E612371-AA56-4EB1-A303-EA15B165E6F3}.Release|Any CPU.ActiveCfg = Release|Any CPU
		{8E612371-AA56-4EB1-A303-EA15B165E6F3}.Release|Any CPU.Build.0 = Release|Any CPU
		{00F82433-0340-4A10-A5F4-A2D93340A254}.Debug|Any CPU.ActiveCfg = Debug|Any CPU
		{00F82433-0340-4A10-A5F4-A2D93340A254}.Debug|Any CPU.Build.0 = Debug|Any CPU
		{00F82433-0340-4A10-A5F4-A2D93340A254}.Release|Any CPU.ActiveCfg = Release|Any CPU
		{00F82433-0340-4A10-A5F4-A2D93340A254}.Release|Any CPU.Build.0 = Release|Any CPU
	EndGlobalSection
	GlobalSection(SolutionProperties) = preSolution
		HideSolutionNode = FALSE
	EndGlobalSection
	GlobalSection(ExtensibilityGlobals) = postSolution
		SolutionGuid = {D0314FE8-8E2D-42DF-93CC-388F27205ADD}
	EndGlobalSection
EndGlobal
